
Microsoft Visual Studio Solution File, Format Version 12.00
# Visual Studio Version 16
VisualStudioVersion = 16.0.30804.86
MinimumVisualStudioVersion = 10.0.40219.1
Project("{FAE04EC0-301F-11D3-BF4B-00C04F79EFBC}") = "WinFormUI", "WinFormUI\WinFormUI.csproj", "{A4C3011C-00B2-489F-930E-87833414D6F5}"
EndProject
Project("{2150E333-8FDC-42A3-9474-1A3956D46DE8}") = "Solution Items", "Solution Items", "{D5A10028-BABB-4F14-B9FD-3F7703801479}"
	ProjectSection(SolutionItems) = preProject
		README.md = README.md
		SQLiteDemo.pssln = SQLiteDemo.pssln
	EndProjectSection
EndProject
Project("{FAE04EC0-301F-11D3-BF4B-00C04F79EFBC}") = "DemoLibrary", "DemoLibrary\DemoLibrary.csproj", "{5ECD900A-1976-45CF-AF42-EA0440A19DE2}"
EndProject
Global
	GlobalSection(SolutionConfigurationPlatforms) = preSolution
		Debug|Any CPU = Debug|Any CPU
		Release|Any CPU = Release|Any CPU
	EndGlobalSection
	GlobalSection(ProjectConfigurationPlatforms) = postSolution
		{A4C3011C-00B2-489F-930E-87833414D6F5}.Debug|Any CPU.ActiveCfg = Debug|Any CPU
		{A4C3011C-00B2-489F-930E-87833414D6F5}.Debug|Any CPU.Build.0 = Debug|Any CPU
		{A4C3011C-00B2-489F-930E-87833414D6F5}.Release|Any CPU.ActiveCfg = Release|Any CPU
		{A4C3011C-00B2-489F-930E-87833414D6F5}.Release|Any CPU.Build.0 = Release|Any CPU
		{5ECD900A-1976-45CF-AF42-EA0440A19DE2}.Debug|Any CPU.ActiveCfg = Debug|Any CPU
		{5ECD900A-1976-45CF-AF42-EA0440A19DE2}.Debug|Any CPU.Build.0 = Debug|Any CPU
		{5ECD900A-1976-45CF-AF42-EA0440A19DE2}.Release|Any CPU.ActiveCfg = Release|Any CPU
		{5ECD900A-1976-45CF-AF42-EA0440A19DE2}.Release|Any CPU.Build.0 = Release|Any CPU
	EndGlobalSection
	GlobalSection(SolutionProperties) = preSolution
		HideSolutionNode = FALSE
	EndGlobalSection
	GlobalSection(ExtensibilityGlobals) = postSolution
		SolutionGuid = {762336C3-1E89-4672-BFEE-DAFB191A3A1F}
	EndGlobalSection
EndGlobal
